
Microsoft Visual Studio Solution File, Format Version 12.00
# Visual Studio Version 17
VisualStudioVersion = 17.11.35312.102
MinimumVisualStudioVersion = 10.0.40219.1
Project("{FAE04EC0-301F-11D3-BF4B-00C04F79EFBC}") = "HotelApp.Web", "HotelApp.Web\HotelApp.Web.csproj", "{6753669C-75D0-404B-B75E-E8E5C7B7B95E}"
EndProject
Global
	GlobalSection(SolutionConfigurationPlatforms) = preSolution
		Debug|Any CPU = Debug|Any CPU
		Release|Any CPU = Release|Any CPU
	EndGlobalSection
	GlobalSection(ProjectConfigurationPlatforms) = postSolution
		{6753669C-75D0-404B-B75E-E8E5C7B7B95E}.Debug|Any CPU.ActiveCfg = Debug|Any CPU
		{6753669C-75D0-404B-B75E-E8E5C7B7B95E}.Debug|Any CPU.Build.0 = Debug|Any CPU
		{6753669C-75D0-404B-B75E-E8E5C7B7B95E}.Release|Any CPU.ActiveCfg = Release|Any CPU
		{6753669C-75D0-404B-B75E-E8E5C7B7B95E}.Release|Any CPU.Build.0 = Release|Any CPU
	EndGlobalSection
	GlobalSection(SolutionProperties) = preSolution
		HideSolutionNode = FALSE
	EndGlobalSection
	GlobalSection(ExtensibilityGlobals) = postSolution
		SolutionGuid = {3448D30B-E41F-4AFC-8A8A-69405DDBA210}
	EndGlobalSection
EndGlobal
